
Microsoft Visual Studio Solution File, Format Version 12.00
# Visual Studio Version 16
VisualStudioVersion = 16.0.31424.327
MinimumVisualStudioVersion = 10.0.40219.1
Project("{FAE04EC0-301F-11D3-BF4B-00C04F79EFBC}") = "Microsimulation", "Microsimulation\Microsimulation.csproj", "{72754429-1B05-4A11-9090-FCA9BA1EE85B}"
EndProject
Global
	GlobalSection(SolutionConfigurationPlatforms) = preSolution
		Debug|Any CPU = Debug|Any CPU
		Release|Any CPU = Release|Any CPU
	EndGlobalSection
	GlobalSection(ProjectConfigurationPlatforms) = postSolution
		{72754429-1B05-4A11-9090-FCA9BA1EE85B}.Debug|Any CPU.ActiveCfg = Debug|Any CPU
		{72754429-1B05-4A11-9090-FCA9BA1EE85B}.Debug|Any CPU.Build.0 = Debug|Any CPU
		{72754429-1B05-4A11-9090-FCA9BA1EE85B}.Release|Any CPU.ActiveCfg = Release|Any CPU
		{72754429-1B05-4A11-9090-FCA9BA1EE85B}.Release|Any CPU.Build.0 = Release|Any CPU
	EndGlobalSection
	GlobalSection(SolutionProperties) = preSolution
		HideSolutionNode = FALSE
	EndGlobalSection
	GlobalSection(ExtensibilityGlobals) = postSolution
		SolutionGuid = {AB45351F-C638-44E9-836F-2BA7036D5D8A}
	EndGlobalSection
EndGlobal
